
Microsoft Visual Studio Solution File, Format Version 12.00
# Visual Studio Version 17
VisualStudioVersion = 17.6.33723.286
MinimumVisualStudioVersion = 10.0.40219.1
Project("{FAE04EC0-301F-11D3-BF4B-00C04F79EFBC}") = "GarageWarning", "GarageWarning\GarageWarning.csproj", "{293EDE0E-8183-4407-BBBB-83FCB4199BFC}"
EndProject
Global
	GlobalSection(SolutionConfigurationPlatforms) = preSolution
		Debug|x64 = Debug|x64
	EndGlobalSection
	GlobalSection(ProjectConfigurationPlatforms) = postSolution
		{293EDE0E-8183-4407-BBBB-83FCB4199BFC}.Debug|x64.ActiveCfg = Debug|x64
		{293EDE0E-8183-4407-BBBB-83FCB4199BFC}.Debug|x64.Build.0 = Debug|x64
	EndGlobalSection
	GlobalSection(SolutionProperties) = preSolution
		HideSolutionNode = FALSE
	EndGlobalSection
	GlobalSection(ExtensibilityGlobals) = postSolution
		SolutionGuid = {BEEE0C95-BCCB-4BAF-A099-093B7723438B}
	EndGlobalSection
EndGlobal
